
Microsoft Visual Studio Solution File, Format Version 12.00
# Visual Studio Version 17
VisualStudioVersion = 17.7.34031.279
MinimumVisualStudioVersion = 10.0.40219.1
Project("{FAE04EC0-301F-11D3-BF4B-00C04F79EFBC}") = "la-mia-pizzeria-static", "la-mia-pizzeria-static\la-mia-pizzeria-static.csproj", "{9EAAC7A6-929E-4EC3-8722-3B6EB0710497}"
EndProject
Global
	GlobalSection(SolutionConfigurationPlatforms) = preSolution
		Debug|Any CPU = Debug|Any CPU
		Release|Any CPU = Release|Any CPU
	EndGlobalSection
	GlobalSection(ProjectConfigurationPlatforms) = postSolution
		{9EAAC7A6-929E-4EC3-8722-3B6EB0710497}.Debug|Any CPU.ActiveCfg = Debug|Any CPU
		{9EAAC7A6-929E-4EC3-8722-3B6EB0710497}.Debug|Any CPU.Build.0 = Debug|Any CPU
		{9EAAC7A6-929E-4EC3-8722-3B6EB0710497}.Release|Any CPU.ActiveCfg = Release|Any CPU
		{9EAAC7A6-929E-4EC3-8722-3B6EB0710497}.Release|Any CPU.Build.0 = Release|Any CPU
	EndGlobalSection
	GlobalSection(SolutionProperties) = preSolution
		HideSolutionNode = FALSE
	EndGlobalSection
	GlobalSection(ExtensibilityGlobals) = postSolution
		SolutionGuid = {68CCB277-2837-48D9-94A5-78A6AE21ECB0}
	EndGlobalSection
EndGlobal
